// !$*UTF8*$!
{
	archiveVersion = 1;
	classes = {
	};
	objectVersion = 77;
	objects = {

/* Begin PBXBuildFile section */
		2759E9502D07213E00CB6713 /* Test.cpp in Sources */ = {isa = PBXBuildFile; fileRef = 2759E94E2D07213E00CB6713 /* Test.cpp */; };
		2759E9512D07213E00CB6713 /* GUI.cpp in Sources */ = {isa = PBXBuildFile; fileRef = 2759E94A2D07213E00CB6713 /* GUI.cpp */; };
		2759E9522D07213E00CB6713 /* Logic.cpp in Sources */ = {isa = PBXBuildFile; fileRef = 2759E94C2D07213E00CB6713 /* Logic.cpp */; };
		2759E9532D07213E00CB6713 /* GFX.cpp in Sources */ = {isa = PBXBuildFile; fileRef = 2759E9482D07213E00CB6713 /* GFX.cpp */; };
		2759E9542D07213E00CB6713 /* Main.cpp in Sources */ = {isa = PBXBuildFile; fileRef = 2759E94D2D07213E00CB6713 /* Main.cpp */; };
		2759E9572D07214D00CB6713 /* OpenGL.framework in Frameworks */ = {isa = PBXBuildFile; fileRef = 2759E9562D07214D00CB6713 /* OpenGL.framework */; };
		2759E9592D07215400CB6713 /* GLUT.framework in Frameworks */ = {isa = PBXBuildFile; fileRef = 2759E9582D07215400CB6713 /* GLUT.framework */; };
/* End PBXBuildFile section */

/* Begin PBXFileReference section */
		2759E92E2D07213100CB6713 /* SGE.app */ = {isa = PBXFileReference; explicitFileType = wrapper.application; includeInIndex = 0; path = SGE.app; sourceTree = BUILT_PRODUCTS_DIR; };
		2759E9462D07213E00CB6713 /* Common.h */ = {isa = PBXFileReference; lastKnownFileType = sourcecode.c.h; path = Common.h; sourceTree = "<group>"; };
		2759E9472D07213E00CB6713 /* GFX.h */ = {isa = PBXFileReference; lastKnownFileType = sourcecode.c.h; path = GFX.h; sourceTree = "<group>"; };
		2759E9482D07213E00CB6713 /* GFX.cpp */ = {isa = PBXFileReference; lastKnownFileType = sourcecode.cpp.cpp; path = GFX.cpp; sourceTree = "<group>"; };
		2759E9492D07213E00CB6713 /* GUI.h */ = {isa = PBXFileReference; lastKnownFileType = sourcecode.c.h; path = GUI.h; sourceTree = "<group>"; };
		2759E94A2D07213E00CB6713 /* GUI.cpp */ = {isa = PBXFileReference; lastKnownFileType = sourcecode.cpp.cpp; path = GUI.cpp; sourceTree = "<group>"; };
		2759E94B2D07213E00CB6713 /* Logic.h */ = {isa = PBXFileReference; lastKnownFileType = sourcecode.c.h; path = Logic.h; sourceTree = "<group>"; };
		2759E94C2D07213E00CB6713 /* Logic.cpp */ = {isa = PBXFileReference; lastKnownFileType = sourcecode.cpp.cpp; path = Logic.cpp; sourceTree = "<group>"; };
		2759E94D2D07213E00CB6713 /* Main.cpp */ = {isa = PBXFileReference; lastKnownFileType = sourcecode.cpp.cpp; path = Main.cpp; sourceTree = "<group>"; };
		2759E94E2D07213E00CB6713 /* Test.cpp */ = {isa = PBXFileReference; lastKnownFileType = sourcecode.cpp.cpp; path = Test.cpp; sourceTree = "<group>"; };
		2759E9562D07214D00CB6713 /* OpenGL.framework */ = {isa = PBXFileReference; lastKnownFileType = wrapper.framework; name = OpenGL.framework; path = System/Library/Frameworks/OpenGL.framework; sourceTree = SDKROOT; };
		2759E9582D07215400CB6713 /* GLUT.framework */ = {isa = PBXFileReference; lastKnownFileType = wrapper.framework; name = GLUT.framework; path = System/Library/Frameworks/GLUT.framework; sourceTree = SDKROOT; };
/* End PBXFileReference section */

/* Begin PBXFileSystemSynchronizedRootGroup section */
		2759E9302D07213100CB6713 /* SGE */ = {
			isa = PBXFileSystemSynchronizedRootGroup;
			path = SGE;
			sourceTree = "<group>";
		};
/* End PBXFileSystemSynchronizedRootGroup section */

/* Begin PBXFrameworksBuildPhase section */
		2759E92B2D07213100CB6713 /* Frameworks */ = {
			isa = PBXFrameworksBuildPhase;
			buildActionMask = 2147483647;
			files = (
				2759E9592D07215400CB6713 /* GLUT.framework in Frameworks */,
				2759E9572D07214D00CB6713 /* OpenGL.framework in Frameworks */,
			);
			runOnlyForDeploymentPostprocessing = 0;
		};
/* End PBXFrameworksBuildPhase section */

/* Begin PBXGroup section */
		2759E9252D07213100CB6713 = {
			isa = PBXGroup;
			children = (
				2759E94F2D07213E00CB6713 /* Code */,
				2759E9302D07213100CB6713 /* SGE */,
				2759E9552D07214D00CB6713 /* Frameworks */,
				2759E92F2D07213100CB6713 /* Products */,
			);
			sourceTree = "<group>";
		};
		2759E92F2D07213100CB6713 /* Products */ = {
			isa = PBXGroup;
			children = (
				2759E92E2D07213100CB6713 /* SGE.app */,
			);
			name = Products;
			sourceTree = "<group>";
		};
		2759E94F2D07213E00CB6713 /* Code */ = {
			isa = PBXGroup;
			children = (
				2759E9462D07213E00CB6713 /* Common.h */,
				2759E9472D07213E00CB6713 /* GFX.h */,
				2759E9482D07213E00CB6713 /* GFX.cpp */,
				2759E9492D07213E00CB6713 /* GUI.h */,
				2759E94A2D07213E00CB6713 /* GUI.cpp */,
				2759E94B2D07213E00CB6713 /* Logic.h */,
				2759E94C2D07213E00CB6713 /* Logic.cpp */,
				2759E94D2D07213E00CB6713 /* Main.cpp */,
				2759E94E2D07213E00CB6713 /* Test.cpp */,
			);
			path = Code;
			sourceTree = "<group>";
		};
		2759E9552D07214D00CB6713 /* Frameworks */ = {
			isa = PBXGroup;
			children = (
				2759E9582D07215400CB6713 /* GLUT.framework */,
				2759E9562D07214D00CB6713 /* OpenGL.framework */,
			);
			name = Frameworks;
			sourceTree = "<group>";
		};
/* End PBXGroup section */

/* Begin PBXNativeTarget section */
		2759E92D2D07213100CB6713 /* SGE */ = {
			isa = PBXNativeTarget;
			buildConfigurationList = 2759E9432D07213100CB6713 /* Build configuration list for PBXNativeTarget "SGE" */;
			buildPhases = (
				2759E92A2D07213100CB6713 /* Sources */,
				2759E92B2D07213100CB6713 /* Frameworks */,
				2759E92C2D07213100CB6713 /* Resources */,
			);
			buildRules = (
			);
			dependencies = (
			);
			fileSystemSynchronizedGroups = (
				2759E9302D07213100CB6713 /* SGE */,
			);
			name = SGE;
			packageProductDependencies = (
			);
			productName = SGE;
			productReference = 2759E92E2D07213100CB6713 /* SGE.app */;
			productType = "com.apple.product-type.application";
		};
/* End PBXNativeTarget section */

/* Begin PBXProject section */
		2759E9262D07213100CB6713 /* Project object */ = {
			isa = PBXProject;
			attributes = {
				BuildIndependentTargetsInParallel = 1;
				LastSwiftUpdateCheck = 1610;
				LastUpgradeCheck = 1610;
				TargetAttributes = {
					2759E92D2D07213100CB6713 = {
						CreatedOnToolsVersion = 16.1;
					};
				};
			};
			buildConfigurationList = 2759E9292D07213100CB6713 /* Build configuration list for PBXProject "SGE" */;
			developmentRegion = en;
			hasScannedForEncodings = 0;
			knownRegions = (
				en,
				Base,
			);
			mainGroup = 2759E9252D07213100CB6713;
			minimizedProjectReferenceProxies = 1;
			preferredProjectObjectVersion = 77;
			productRefGroup = 2759E92F2D07213100CB6713 /* Products */;
			projectDirPath = "";
			projectRoot = "";
			targets = (
				2759E92D2D07213100CB6713 /* SGE */,
			);
		};
/* End PBXProject section */

/* Begin PBXResourcesBuildPhase section */
		2759E92C2D07213100CB6713 /* Resources */ = {
			isa = PBXResourcesBuildPhase;
			buildActionMask = 2147483647;
			files = (
			);
			runOnlyForDeploymentPostprocessing = 0;
		};
/* End PBXResourcesBuildPhase section */

/* Begin PBXSourcesBuildPhase section */
		2759E92A2D07213100CB6713 /* Sources */ = {
			isa = PBXSourcesBuildPhase;
			buildActionMask = 2147483647;
			files = (
				2759E9502D07213E00CB6713 /* Test.cpp in Sources */,
				2759E9512D07213E00CB6713 /* GUI.cpp in Sources */,
				2759E9522D07213E00CB6713 /* Logic.cpp in Sources */,
				2759E9532D07213E00CB6713 /* GFX.cpp in Sources */,
				2759E9542D07213E00CB6713 /* Main.cpp in Sources */,
			);
			runOnlyForDeploymentPostprocessing = 0;
		};
/* End PBXSourcesBuildPhase section */

/* Begin XCBuildConfiguration section */
		2759E9412D07213100CB6713 /* Debug */ = {
			isa = XCBuildConfiguration;
			buildSettings = {
				ALWAYS_SEARCH_USER_PATHS = NO;
				ASSETCATALOG_COMPILER_GENERATE_SWIFT_ASSET_SYMBOL_EXTENSIONS = YES;
				CLANG_ANALYZER_NONNULL = YES;
				CLANG_ANALYZER_NUMBER_OBJECT_CONVERSION = YES_AGGRESSIVE;
				CLANG_CXX_LANGUAGE_STANDARD = "gnu++20";
				CLANG_ENABLE_MODULES = YES;
				CLANG_ENABLE_OBJC_ARC = YES;
				CLANG_ENABLE_OBJC_WEAK = YES;
				CLANG_WARN_BLOCK_CAPTURE_AUTORELEASING = YES;
				CLANG_WARN_BOOL_CONVERSION = YES;
				CLANG_WARN_COMMA = YES;
				CLANG_WARN_CONSTANT_CONVERSION = YES;
				CLANG_WARN_DEPRECATED_OBJC_IMPLEMENTATIONS = YES;
				CLANG_WARN_DIRECT_OBJC_ISA_USAGE = YES_ERROR;
				CLANG_WARN_DOCUMENTATION_COMMENTS = YES;
				CLANG_WARN_EMPTY_BODY = YES;
				CLANG_WARN_ENUM_CONVERSION = YES;
				CLANG_WARN_INFINITE_RECURSION = YES;
				CLANG_WARN_INT_CONVERSION = YES;
				CLANG_WARN_NON_LITERAL_NULL_CONVERSION = YES;
				CLANG_WARN_OBJC_IMPLICIT_RETAIN_SELF = YES;
				CLANG_WARN_OBJC_LITERAL_CONVERSION = YES;
				CLANG_WARN_OBJC_ROOT_CLASS = YES_ERROR;
				CLANG_WARN_QUOTED_INCLUDE_IN_FRAMEWORK_HEADER = YES;
				CLANG_WARN_RANGE_LOOP_ANALYSIS = YES;
				CLANG_WARN_STRICT_PROTOTYPES = YES;
				CLANG_WARN_SUSPICIOUS_MOVE = YES;
				CLANG_WARN_UNGUARDED_AVAILABILITY = YES_AGGRESSIVE;
				CLANG_WARN_UNREACHABLE_CODE = YES;
				CLANG_WARN__DUPLICATE_METHOD_MATCH = YES;
				COPY_PHASE_STRIP = NO;
				DEBUG_INFORMATION_FORMAT = dwarf;
				ENABLE_STRICT_OBJC_MSGSEND = YES;
				ENABLE_TESTABILITY = YES;
				ENABLE_USER_SCRIPT_SANDBOXING = YES;
				GCC_C_LANGUAGE_STANDARD = gnu17;
				GCC_DYNAMIC_NO_PIC = NO;
				GCC_NO_COMMON_BLOCKS = YES;
				GCC_OPTIMIZATION_LEVEL = 0;
				GCC_PREPROCESSOR_DEFINITIONS = (
					"DEBUG=1",
					"$(inherited)",
				);
				GCC_WARN_64_TO_32_BIT_CONVERSION = YES;
				GCC_WARN_ABOUT_RETURN_TYPE = YES_ERROR;
				GCC_WARN_UNDECLARED_SELECTOR = YES;
				GCC_WARN_UNINITIALIZED_AUTOS = YES_AGGRESSIVE;
				GCC_WARN_UNUSED_FUNCTION = YES;
				GCC_WARN_UNUSED_VARIABLE = YES;
				LOCALIZATION_PREFERS_STRING_CATALOGS = YES;
				MACOSX_DEPLOYMENT_TARGET = 14.7;
				MTL_ENABLE_DEBUG_INFO = INCLUDE_SOURCE;
				MTL_FAST_MATH = YES;
				ONLY_ACTIVE_ARCH = YES;
				SDKROOT = macosx;
				SWIFT_ACTIVE_COMPILATION_CONDITIONS = "DEBUG $(inherited)";
				SWIFT_OPTIMIZATION_LEVEL = "-Onone";
			};
			name = Debug;
		};
		2759E9422D07213100CB6713 /* Release */ = {
			isa = XCBuildConfiguration;
			buildSettings = {
				ALWAYS_SEARCH_USER_PATHS = NO;
				ASSETCATALOG_COMPILER_GENERATE_SWIFT_ASSET_SYMBOL_EXTENSIONS = YES;
				CLANG_ANALYZER_NONNULL = YES;
				CLANG_ANALYZER_NUMBER_OBJECT_CONVERSION = YES_AGGRESSIVE;
				CLANG_CXX_LANGUAGE_STANDARD = "gnu++20";
				CLANG_ENABLE_MODULES = YES;
				CLANG_ENABLE_OBJC_ARC = YES;
				CLANG_ENABLE_OBJC_WEAK = YES;
				CLANG_WARN_BLOCK_CAPTURE_AUTORELEASING = YES;
				CLANG_WARN_BOOL_CONVERSION = YES;
				CLANG_WARN_COMMA = YES;
				CLANG_WARN_CONSTANT_CONVERSION = YES;
				CLANG_WARN_DEPRECATED_OBJC_IMPLEMENTATIONS = YES;
				CLANG_WARN_DIRECT_OBJC_ISA_USAGE = YES_ERROR;
				CLANG_WARN_DOCUMENTATION_COMMENTS = YES;
				CLANG_WARN_EMPTY_BODY = YES;
				CLANG_WARN_ENUM_CONVERSION = YES;
				CLANG_WARN_INFINITE_RECURSION = YES;
				CLANG_WARN_INT_CONVERSION = YES;
				CLANG_WARN_NON_LITERAL_NULL_CONVERSION = YES;
				CLANG_WARN_OBJC_IMPLICIT_RETAIN_SELF = YES;
				CLANG_WARN_OBJC_LITERAL_CONVERSION = YES;
				CLANG_WARN_OBJC_ROOT_CLASS = YES_ERROR;
				CLANG_WARN_QUOTED_INCLUDE_IN_FRAMEWORK_HEADER = YES;
				CLANG_WARN_RANGE_LOOP_ANALYSIS = YES;
				CLANG_WARN_STRICT_PROTOTYPES = YES;
				CLANG_WARN_SUSPICIOUS_MOVE = YES;
				CLANG_WARN_UNGUARDED_AVAILABILITY = YES_AGGRESSIVE;
				CLANG_WARN_UNREACHABLE_CODE = YES;
				CLANG_WARN__DUPLICATE_METHOD_MATCH = YES;
				COPY_PHASE_STRIP = NO;
				DEBUG_INFORMATION_FORMAT = "dwarf-with-dsym";
				ENABLE_NS_ASSERTIONS = NO;
				ENABLE_STRICT_OBJC_MSGSEND = YES;
				ENABLE_USER_SCRIPT_SANDBOXING = YES;
				GCC_C_LANGUAGE_STANDARD = gnu17;
				GCC_NO_COMMON_BLOCKS = YES;
				GCC_WARN_64_TO_32_BIT_CONVERSION = YES;
				GCC_WARN_ABOUT_RETURN_TYPE = YES_ERROR;
				GCC_WARN_UNDECLARED_SELECTOR = YES;
				GCC_WARN_UNINITIALIZED_AUTOS = YES_AGGRESSIVE;
				GCC_WARN_UNUSED_FUNCTION = YES;
				GCC_WARN_UNUSED_VARIABLE = YES;
				LOCALIZATION_PREFERS_STRING_CATALOGS = YES;
				MACOSX_DEPLOYMENT_TARGET = 14.7;
				MTL_ENABLE_DEBUG_INFO = NO;
				MTL_FAST_MATH = YES;
				SDKROOT = macosx;
				SWIFT_COMPILATION_MODE = wholemodule;
			};
			name = Release;
		};
		2759E9442D07213100CB6713 /* Debug */ = {
			isa = XCBuildConfiguration;
			buildSettings = {
				ASSETCATALOG_COMPILER_APPICON_NAME = AppIcon;
				ASSETCATALOG_COMPILER_GLOBAL_ACCENT_COLOR_NAME = AccentColor;
				CODE_SIGN_ENTITLEMENTS = SGE/SGE.entitlements;
				CODE_SIGN_STYLE = Automatic;
				COMBINE_HIDPI_IMAGES = YES;
				CURRENT_PROJECT_VERSION = 1;
				GENERATE_INFOPLIST_FILE = YES;
				INFOPLIST_KEY_NSHumanReadableCopyright = "";
				INFOPLIST_KEY_NSMainStoryboardFile = Main;
				INFOPLIST_KEY_NSPrincipalClass = NSApplication;
				LD_RUNPATH_SEARCH_PATHS = (
					"$(inherited)",
					"@executable_path/../Frameworks",
				);
				MARKETING_VERSION = 1.0;
				PRODUCT_BUNDLE_IDENTIFIER = SGE.SGE;
				PRODUCT_NAME = "$(TARGET_NAME)";
				SWIFT_EMIT_LOC_STRINGS = YES;
				SWIFT_VERSION = 5.0;
			};
			name = Debug;
		};
		2759E9452D07213100CB6713 /* Release */ = {
			isa = XCBuildConfiguration;
			buildSettings = {
				ASSETCATALOG_COMPILER_APPICON_NAME = AppIcon;
				ASSETCATALOG_COMPILER_GLOBAL_ACCENT_COLOR_NAME = AccentColor;
				CODE_SIGN_ENTITLEMENTS = SGE/SGE.entitlements;
				CODE_SIGN_STYLE = Automatic;
				COMBINE_HIDPI_IMAGES = YES;
				CURRENT_PROJECT_VERSION = 1;
				GENERATE_INFOPLIST_FILE = YES;
				INFOPLIST_KEY_NSHumanReadableCopyright = "";
				INFOPLIST_KEY_NSMainStoryboardFile = Main;
				INFOPLIST_KEY_NSPrincipalClass = NSApplication;
				LD_RUNPATH_SEARCH_PATHS = (
					"$(inherited)",
					"@executable_path/../Frameworks",
				);
				MARKETING_VERSION = 1.0;
				PRODUCT_BUNDLE_IDENTIFIER = SGE.SGE;
				PRODUCT_NAME = "$(TARGET_NAME)";
				SWIFT_EMIT_LOC_STRINGS = YES;
				SWIFT_VERSION = 5.0;
			};
			name = Release;
		};
/* End XCBuildConfiguration section */

/* Begin XCConfigurationList section */
		2759E9292D07213100CB6713 /* Build configuration list for PBXProject "SGE" */ = {
			isa = XCConfigurationList;
			buildConfigurations = (
				2759E9412D07213100CB6713 /* Debug */,
				2759E9422D07213100CB6713 /* Release */,
			);
			defaultConfigurationIsVisible = 0;
			defaultConfigurationName = Release;
		};
		2759E9432D07213100CB6713 /* Build configuration list for PBXNativeTarget "SGE" */ = {
			isa = XCConfigurationList;
			buildConfigurations = (
				2759E9442D07213100CB6713 /* Debug */,
				2759E9452D07213100CB6713 /* Release */,
			);
			defaultConfigurationIsVisible = 0;
			defaultConfigurationName = Release;
		};
/* End XCConfigurationList section */
	};
	rootObject = 2759E9262D07213100CB6713 /* Project object */;
}
